PODS:
  - Alamofire (5.5.0)
  - SnapKit (5.0.1)

DEPENDENCIES:
  - Alamofire
  - SnapKit (~> 5.0.0)

SPEC REPOS:
  trunk:
    - Alamofire
    - SnapKit

SPEC CHECKSUMS:
  Alamofire: 1c4fb5369c3fe93d2857c780d8bbe09f06f97e7c
  SnapKit: 97b92857e3df3a0c71833cce143274bf6ef8e5eb

PODFILE CHECKSUM: d82470e76be1f3ba3648b749c56b5bec6eb37e2b

COCOAPODS: 1.11.2
